
Microsoft Visual Studio Solution File, Format Version 12.00
# Visual Studio Version 16
VisualStudioVersion = 16.0.30804.86
MinimumVisualStudioVersion = 10.0.40219.1
Project("{9A19103F-16F7-4668-BE54-9A1E7A4F7556}") = "Leak.Domain.Core", "Leak.Domain.Core\Leak.Domain.Core.csproj", "{2DC5B7A0-BE0F-4D3F-A657-A1674B1C8D73}"
EndProject
Project("{9A19103F-16F7-4668-BE54-9A1E7A4F7556}") = "Leak.Domain", "Leak.Domain\Leak.Domain.csproj", "{1E6A6F9F-D031-42AC-9047-746DA1AAFB75}"
EndProject
Project("{9A19103F-16F7-4668-BE54-9A1E7A4F7556}") = "Leak.Application", "Leak.Application\Leak.Application.csproj", "{A16A5A9E-13C6-45AD-ABBF-AFC7B1CE7CBA}"
EndProject
Project("{9A19103F-16F7-4668-BE54-9A1E7A4F7556}") = "Leak.Infrastructure.Data", "Leak.Infrastructure.Data\Leak.Infrastructure.Data.csproj", "{0B08283D-BA6F-4CEA-A34B-80A10CB7DD9F}"
EndProject
Project("{9A19103F-16F7-4668-BE54-9A1E7A4F7556}") = "Leak.Infrastructure.IoC", "Leak.Infrastructure.IoC\Leak.Infrastructure.IoC.csproj", "{2B51155B-D838-4069-A290-EA6F3A9566F5}"
EndProject
Project("{9A19103F-16F7-4668-BE54-9A1E7A4F7556}") = "Leak.UI.MVC", "Leak.UI.MVC\Leak.UI.MVC.csproj", "{30ADDB90-F708-4FF9-8075-529FA2F86158}"
EndProject
Project("{FAE04EC0-301F-11D3-BF4B-00C04F79EFBC}") = "Leak.Infrastructure.Repository", "Leak.Infrastructure.Repository\Leak.Infrastructure.Repository.csproj", "{3D0FF1F7-9A68-4A08-9E7E-1EAB3EDB3E2C}"
EndProject
Global
	GlobalSection(SolutionConfigurationPlatforms) = preSolution
		Debug|Any CPU = Debug|Any CPU
		Release|Any CPU = Release|Any CPU
	EndGlobalSection
	GlobalSection(ProjectConfigurationPlatforms) = postSolution
		{2DC5B7A0-BE0F-4D3F-A657-A1674B1C8D73}.Debug|Any CPU.ActiveCfg = Debug|Any CPU
		{2DC5B7A0-BE0F-4D3F-A657-A1674B1C8D73}.Debug|Any CPU.Build.0 = Debug|Any CPU
		{2DC5B7A0-BE0F-4D3F-A657-A1674B1C8D73}.Release|Any CPU.ActiveCfg = Release|Any CPU
		{2DC5B7A0-BE0F-4D3F-A657-A1674B1C8D73}.Release|Any CPU.Build.0 = Release|Any CPU
		{1E6A6F9F-D031-42AC-9047-746DA1AAFB75}.Debug|Any CPU.ActiveCfg = Debug|Any CPU
		{1E6A6F9F-D031-42AC-9047-746DA1AAFB75}.Debug|Any CPU.Build.0 = Debug|Any CPU
		{1E6A6F9F-D031-42AC-9047-746DA1AAFB75}.Release|Any CPU.ActiveCfg = Release|Any CPU
		{1E6A6F9F-D031-42AC-9047-746DA1AAFB75}.Release|Any CPU.Build.0 = Release|Any CPU
		{A16A5A9E-13C6-45AD-ABBF-AFC7B1CE7CBA}.Debug|Any CPU.ActiveCfg = Debug|Any CPU
		{A16A5A9E-13C6-45AD-ABBF-AFC7B1CE7CBA}.Debug|Any CPU.Build.0 = Debug|Any CPU
		{A16A5A9E-13C6-45AD-ABBF-AFC7B1CE7CBA}.Release|Any CPU.ActiveCfg = Release|Any CPU
		{A16A5A9E-13C6-45AD-ABBF-AFC7B1CE7CBA}.Release|Any CPU.Build.0 = Release|Any CPU
		{0B08283D-BA6F-4CEA-A34B-80A10CB7DD9F}.Debug|Any CPU.ActiveCfg = Debug|Any CPU
		{0B08283D-BA6F-4CEA-A34B-80A10CB7DD9F}.Debug|Any CPU.Build.0 = Debug|Any CPU
		{0B08283D-BA6F-4CEA-A34B-80A10CB7DD9F}.Release|Any CPU.ActiveCfg = Release|Any CPU
		{0B08283D-BA6F-4CEA-A34B-80A10CB7DD9F}.Release|Any CPU.Build.0 = Release|Any CPU
		{2B51155B-D838-4069-A290-EA6F3A9566F5}.Debug|Any CPU.ActiveCfg = Debug|Any CPU
		{2B51155B-D838-4069-A290-EA6F3A9566F5}.Debug|Any CPU.Build.0 = Debug|Any CPU
		{2B51155B-D838-4069-A290-EA6F3A9566F5}.Release|Any CPU.ActiveCfg = Release|Any CPU
		{2B51155B-D838-4069-A290-EA6F3A9566F5}.Release|Any CPU.Build.0 = Release|Any CPU
		{30ADDB90-F708-4FF9-8075-529FA2F86158}.Debug|Any CPU.ActiveCfg = Debug|Any CPU
		{30ADDB90-F708-4FF9-8075-529FA2F86158}.Debug|Any CPU.Build.0 = Debug|Any CPU
		{30ADDB90-F708-4FF9-8075-529FA2F86158}.Release|Any CPU.ActiveCfg = Release|Any CPU
		{30ADDB90-F708-4FF9-8075-529FA2F86158}.Release|Any CPU.Build.0 = Release|Any CPU
		{3D0FF1F7-9A68-4A08-9E7E-1EAB3EDB3E2C}.Debug|Any CPU.ActiveCfg = Debug|Any CPU
		{3D0FF1F7-9A68-4A08-9E7E-1EAB3EDB3E2C}.Debug|Any CPU.Build.0 = Debug|Any CPU
		{3D0FF1F7-9A68-4A08-9E7E-1EAB3EDB3E2C}.Release|Any CPU.ActiveCfg = Release|Any CPU
		{3D0FF1F7-9A68-4A08-9E7E-1EAB3EDB3E2C}.Release|Any CPU.Build.0 = Release|Any CPU
	EndGlobalSection
	GlobalSection(SolutionProperties) = preSolution
		HideSolutionNode = FALSE
	EndGlobalSection
	GlobalSection(ExtensibilityGlobals) = postSolution
		SolutionGuid = {83BA60A5-0321-4C83-B1DD-1BD3BF3ED885}
	EndGlobalSection
EndGlobal
